
Microsoft Visual Studio Solution File, Format Version 12.00
# Visual Studio Version 16
VisualStudioVersion = 16.0.30517.126
MinimumVisualStudioVersion = 10.0.40219.1
Project("{FAE04EC0-301F-11D3-BF4B-00C04F79EFBC}") = "WebApplication5b", "WebApplication5b.csproj", "{611204BB-0BA4-4EA7-8228-3F6C55D3FC64}"
EndProject
Global
	GlobalSection(SolutionConfigurationPlatforms) = preSolution
		Debug|Any CPU = Debug|Any CPU
		Release|Any CPU = Release|Any CPU
	EndGlobalSection
	GlobalSection(ProjectConfigurationPlatforms) = postSolution
		{611204BB-0BA4-4EA7-8228-3F6C55D3FC64}.Debug|Any CPU.ActiveCfg = Debug|Any CPU
		{611204BB-0BA4-4EA7-8228-3F6C55D3FC64}.Debug|Any CPU.Build.0 = Debug|Any CPU
		{611204BB-0BA4-4EA7-8228-3F6C55D3FC64}.Release|Any CPU.ActiveCfg = Release|Any CPU
		{611204BB-0BA4-4EA7-8228-3F6C55D3FC64}.Release|Any CPU.Build.0 = Release|Any CPU
	EndGlobalSection
	GlobalSection(SolutionProperties) = preSolution
		HideSolutionNode = FALSE
	EndGlobalSection
	GlobalSection(ExtensibilityGlobals) = postSolution
		SolutionGuid = {5B744AD5-E722-46AE-BC6E-5ED455D2686A}
	EndGlobalSection
EndGlobal
